
Microsoft Visual Studio Solution File, Format Version 12.00
# Visual Studio 15
VisualStudioVersion = 15.0.26124.0
MinimumVisualStudioVersion = 15.0.26124.0
Project("{F2A71F9B-5D33-465A-A702-920D77279786}") = "Demo", "Demo\Demo.fsproj", "{6EA1E661-1685-4AF7-B8A5-2D9192A9BFDC}"
EndProject
Project("{F2A71F9B-5D33-465A-A702-920D77279786}") = "Demo.Tests", "Demo.Tests\Demo.Tests.fsproj", "{D73606C5-1D3A-4952-A92C-34468CDDD581}"
EndProject
Global
	GlobalSection(SolutionConfigurationPlatforms) = preSolution
		Debug|Any CPU = Debug|Any CPU
		Debug|x64 = Debug|x64
		Debug|x86 = Debug|x86
		Release|Any CPU = Release|Any CPU
		Release|x64 = Release|x64
		Release|x86 = Release|x86
	EndGlobalSection
	GlobalSection(SolutionProperties) = preSolution
		HideSolutionNode = FALSE
	EndGlobalSection
	GlobalSection(ProjectConfigurationPlatforms) = postSolution
		{6EA1E661-1685-4AF7-B8A5-2D9192A9BFDC}.Debug|Any CPU.ActiveCfg = Debug|Any CPU
		{6EA1E661-1685-4AF7-B8A5-2D9192A9BFDC}.Debug|Any CPU.Build.0 = Debug|Any CPU
		{6EA1E661-1685-4AF7-B8A5-2D9192A9BFDC}.Debug|x64.ActiveCfg = Debug|Any CPU
		{6EA1E661-1685-4AF7-B8A5-2D9192A9BFDC}.Debug|x64.Build.0 = Debug|Any CPU
		{6EA1E661-1685-4AF7-B8A5-2D9192A9BFDC}.Debug|x86.ActiveCfg = Debug|Any CPU
		{6EA1E661-1685-4AF7-B8A5-2D9192A9BFDC}.Debug|x86.Build.0 = Debug|Any CPU
		{6EA1E661-1685-4AF7-B8A5-2D9192A9BFDC}.Release|Any CPU.ActiveCfg = Release|Any CPU
		{6EA1E661-1685-4AF7-B8A5-2D9192A9BFDC}.Release|Any CPU.Build.0 = Release|Any CPU
		{6EA1E661-1685-4AF7-B8A5-2D9192A9BFDC}.Release|x64.ActiveCfg = Release|Any CPU
		{6EA1E661-1685-4AF7-B8A5-2D9192A9BFDC}.Release|x64.Build.0 = Release|Any CPU
		{6EA1E661-1685-4AF7-B8A5-2D9192A9BFDC}.Release|x86.ActiveCfg = Release|Any CPU
		{6EA1E661-1685-4AF7-B8A5-2D9192A9BFDC}.Release|x86.Build.0 = Release|Any CPU
		{D73606C5-1D3A-4952-A92C-34468CDDD581}.Debug|Any CPU.ActiveCfg = Debug|Any CPU
		{D73606C5-1D3A-4952-A92C-34468CDDD581}.Debug|Any CPU.Build.0 = Debug|Any CPU
		{D73606C5-1D3A-4952-A92C-34468CDDD581}.Debug|x64.ActiveCfg = Debug|Any CPU
		{D73606C5-1D3A-4952-A92C-34468CDDD581}.Debug|x64.Build.0 = Debug|Any CPU
		{D73606C5-1D3A-4952-A92C-34468CDDD581}.Debug|x86.ActiveCfg = Debug|Any CPU
		{D73606C5-1D3A-4952-A92C-34468CDDD581}.Debug|x86.Build.0 = Debug|Any CPU
		{D73606C5-1D3A-4952-A92C-34468CDDD581}.Release|Any CPU.ActiveCfg = Release|Any CPU
		{D73606C5-1D3A-4952-A92C-34468CDDD581}.Release|Any CPU.Build.0 = Release|Any CPU
		{D73606C5-1D3A-4952-A92C-34468CDDD581}.Release|x64.ActiveCfg = Release|Any CPU
		{D73606C5-1D3A-4952-A92C-34468CDDD581}.Release|x64.Build.0 = Release|Any CPU
		{D73606C5-1D3A-4952-A92C-34468CDDD581}.Release|x86.ActiveCfg = Release|Any CPU
		{D73606C5-1D3A-4952-A92C-34468CDDD581}.Release|x86.Build.0 = Release|Any CPU
	EndGlobalSection
EndGlobal
